
Microsoft Visual Studio Solution File, Format Version 12.00
# Visual Studio Version 16
VisualStudioVersion = 16.0.30503.244
MinimumVisualStudioVersion = 10.0.40219.1
Project("{9A19103F-16F7-4668-BE54-9A1E7A4F7556}") = "asp-net-inventory-system-day-2-shailza85", "asp-net-inventory-system-day-2-shailza85.csproj", "{90339F0B-1884-492F-A32B-B594B82EB85D}"
EndProject
Global
	GlobalSection(SolutionConfigurationPlatforms) = preSolution
		Debug|Any CPU = Debug|Any CPU
		Release|Any CPU = Release|Any CPU
	EndGlobalSection
	GlobalSection(ProjectConfigurationPlatforms) = postSolution
		{90339F0B-1884-492F-A32B-B594B82EB85D}.Debug|Any CPU.ActiveCfg = Debug|Any CPU
		{90339F0B-1884-492F-A32B-B594B82EB85D}.Debug|Any CPU.Build.0 = Debug|Any CPU
		{90339F0B-1884-492F-A32B-B594B82EB85D}.Release|Any CPU.ActiveCfg = Release|Any CPU
		{90339F0B-1884-492F-A32B-B594B82EB85D}.Release|Any CPU.Build.0 = Release|Any CPU
	EndGlobalSection
	GlobalSection(SolutionProperties) = preSolution
		HideSolutionNode = FALSE
	EndGlobalSection
	GlobalSection(ExtensibilityGlobals) = postSolution
		SolutionGuid = {CEA424BD-B36E-4CE7-942E-62CBB5403AAD}
	EndGlobalSection
EndGlobal
